
Microsoft Visual Studio Solution File, Format Version 12.00
# Visual Studio Version 17
VisualStudioVersion = 17.1.32228.430
MinimumVisualStudioVersion = 10.0.40219.1
Project("{FAE04EC0-301F-11D3-BF4B-00C04F79EFBC}") = "MacAddressWrite", "MacAddressWrite\MacAddressWrite.csproj", "{594D91EF-CBC3-4FE4-81F1-3A91C5B5EE9D}"
EndProject
Project("{FAE04EC0-301F-11D3-BF4B-00C04F79EFBC}") = "Create_MacAddress_DB", "Create_MacAddress_DB\Create_MacAddress_DB.csproj", "{E515F8DD-D570-4E98-B415-326332D6CF28}"
EndProject
Global
	GlobalSection(SolutionConfigurationPlatforms) = preSolution
		Debug|Any CPU = Debug|Any CPU
		Release|Any CPU = Release|Any CPU
	EndGlobalSection
	GlobalSection(ProjectConfigurationPlatforms) = postSolution
		{594D91EF-CBC3-4FE4-81F1-3A91C5B5EE9D}.Debug|Any CPU.ActiveCfg = Debug|Any CPU
		{594D91EF-CBC3-4FE4-81F1-3A91C5B5EE9D}.Debug|Any CPU.Build.0 = Debug|Any CPU
		{594D91EF-CBC3-4FE4-81F1-3A91C5B5EE9D}.Release|Any CPU.ActiveCfg = Release|Any CPU
		{594D91EF-CBC3-4FE4-81F1-3A91C5B5EE9D}.Release|Any CPU.Build.0 = Release|Any CPU
		{E515F8DD-D570-4E98-B415-326332D6CF28}.Debug|Any CPU.ActiveCfg = Debug|Any CPU
		{E515F8DD-D570-4E98-B415-326332D6CF28}.Debug|Any CPU.Build.0 = Debug|Any CPU
		{E515F8DD-D570-4E98-B415-326332D6CF28}.Release|Any CPU.ActiveCfg = Release|Any CPU
		{E515F8DD-D570-4E98-B415-326332D6CF28}.Release|Any CPU.Build.0 = Release|Any CPU
	EndGlobalSection
	GlobalSection(SolutionProperties) = preSolution
		HideSolutionNode = FALSE
	EndGlobalSection
	GlobalSection(ExtensibilityGlobals) = postSolution
		SolutionGuid = {028E211B-97E9-4281-A242-ADB3AE74A42F}
	EndGlobalSection
EndGlobal
